
Microsoft Visual Studio Solution File, Format Version 12.00
# Visual Studio Version 16
VisualStudioVersion = 16.0.31729.503
MinimumVisualStudioVersion = 10.0.40219.1
Project("{FAE04EC0-301F-11D3-BF4B-00C04F79EFBC}") = "Cargo Distribution System", "Cargo Distributed System\Cargo Distribution System.csproj", "{79F46166-FE82-4629-9FE8-66C05EBF63B2}"
EndProject
Global
	GlobalSection(SolutionConfigurationPlatforms) = preSolution
		Debug|Any CPU = Debug|Any CPU
		Debug|x64 = Debug|x64
		Release|Any CPU = Release|Any CPU
		Release|x64 = Release|x64
	EndGlobalSection
	GlobalSection(ProjectConfigurationPlatforms) = postSolution
		{79F46166-FE82-4629-9FE8-66C05EBF63B2}.Debug|Any CPU.ActiveCfg = Debug|x64
		{79F46166-FE82-4629-9FE8-66C05EBF63B2}.Debug|Any CPU.Build.0 = Debug|x64
		{79F46166-FE82-4629-9FE8-66C05EBF63B2}.Debug|x64.ActiveCfg = Debug|x64
		{79F46166-FE82-4629-9FE8-66C05EBF63B2}.Debug|x64.Build.0 = Debug|x64
		{79F46166-FE82-4629-9FE8-66C05EBF63B2}.Release|Any CPU.ActiveCfg = Release|Any CPU
		{79F46166-FE82-4629-9FE8-66C05EBF63B2}.Release|Any CPU.Build.0 = Release|Any CPU
		{79F46166-FE82-4629-9FE8-66C05EBF63B2}.Release|x64.ActiveCfg = Release|x64
		{79F46166-FE82-4629-9FE8-66C05EBF63B2}.Release|x64.Build.0 = Release|x64
	EndGlobalSection
	GlobalSection(SolutionProperties) = preSolution
		HideSolutionNode = FALSE
	EndGlobalSection
	GlobalSection(ExtensibilityGlobals) = postSolution
		SolutionGuid = {20B90C9D-0330-4306-94F6-BB86E2008A7D}
	EndGlobalSection
EndGlobal
